
Microsoft Visual Studio Solution File, Format Version 12.00
# Visual Studio Version 17
VisualStudioVersion = 17.13.35806.99 d17.13
MinimumVisualStudioVersion = 10.0.40219.1
Project("{FAE04EC0-301F-11D3-BF4B-00C04F79EFBC}") = "Git", "Git\Git.csproj", "{1973AC0C-A01A-4530-99A6-C8BF34EA9400}"
EndProject
Global
	GlobalSection(SolutionConfigurationPlatforms) = preSolution
		Debug|Any CPU = Debug|Any CPU
		Release|Any CPU = Release|Any CPU
	EndGlobalSection
	GlobalSection(ProjectConfigurationPlatforms) = postSolution
		{1973AC0C-A01A-4530-99A6-C8BF34EA9400}.Debug|Any CPU.ActiveCfg = Debug|Any CPU
		{1973AC0C-A01A-4530-99A6-C8BF34EA9400}.Debug|Any CPU.Build.0 = Debug|Any CPU
		{1973AC0C-A01A-4530-99A6-C8BF34EA9400}.Release|Any CPU.ActiveCfg = Release|Any CPU
		{1973AC0C-A01A-4530-99A6-C8BF34EA9400}.Release|Any CPU.Build.0 = Release|Any CPU
	EndGlobalSection
	GlobalSection(SolutionProperties) = preSolution
		HideSolutionNode = FALSE
	EndGlobalSection
	GlobalSection(ExtensibilityGlobals) = postSolution
		SolutionGuid = {269C0EDD-8658-490D-B0E8-EF06A8B2C887}
	EndGlobalSection
EndGlobal
